
Microsoft Visual Studio Solution File, Format Version 12.00
# Visual Studio 15
VisualStudioVersion = 15.0.27428.2037
MinimumVisualStudioVersion = 10.0.40219.1
Project("{9A19103F-16F7-4668-BE54-9A1E7A4F7556}") = "FunctionRecognizer", "FunctionRecognizer.csproj", "{311CF542-BE88-44D8-B97B-2B723BCDE4BE}"
EndProject
Global
	GlobalSection(SolutionConfigurationPlatforms) = preSolution
		Debug|Any CPU = Debug|Any CPU
		Release|Any CPU = Release|Any CPU
	EndGlobalSection
	GlobalSection(ProjectConfigurationPlatforms) = postSolution
		{311CF542-BE88-44D8-B97B-2B723BCDE4BE}.Debug|Any CPU.ActiveCfg = Debug|Any CPU
		{311CF542-BE88-44D8-B97B-2B723BCDE4BE}.Debug|Any CPU.Build.0 = Debug|Any CPU
		{311CF542-BE88-44D8-B97B-2B723BCDE4BE}.Release|Any CPU.ActiveCfg = Release|Any CPU
		{311CF542-BE88-44D8-B97B-2B723BCDE4BE}.Release|Any CPU.Build.0 = Release|Any CPU
	EndGlobalSection
	GlobalSection(SolutionProperties) = preSolution
		HideSolutionNode = FALSE
	EndGlobalSection
	GlobalSection(ExtensibilityGlobals) = postSolution
		SolutionGuid = {B7ECD029-476A-4BAA-80D5-4BBFBDA0957F}
	EndGlobalSection
EndGlobal
