
Microsoft Visual Studio Solution File, Format Version 12.00
# Visual Studio 15
VisualStudioVersion = 15.0.26730.16
MinimumVisualStudioVersion = 10.0.40219.1
Project("{9A19103F-16F7-4668-BE54-9A1E7A4F7556}") = "mydocsample", "mydocsample.csproj", "{DA37099F-E907-4F15-AFDB-E7EC2179EFBC}"
EndProject
Global
	GlobalSection(SolutionConfigurationPlatforms) = preSolution
		Debug|Any CPU = Debug|Any CPU
		Release|Any CPU = Release|Any CPU
	EndGlobalSection
	GlobalSection(ProjectConfigurationPlatforms) = postSolution
		{DA37099F-E907-4F15-AFDB-E7EC2179EFBC}.Debug|Any CPU.ActiveCfg = Debug|Any CPU
		{DA37099F-E907-4F15-AFDB-E7EC2179EFBC}.Debug|Any CPU.Build.0 = Debug|Any CPU
		{DA37099F-E907-4F15-AFDB-E7EC2179EFBC}.Release|Any CPU.ActiveCfg = Release|Any CPU
		{DA37099F-E907-4F15-AFDB-E7EC2179EFBC}.Release|Any CPU.Build.0 = Release|Any CPU
	EndGlobalSection
	GlobalSection(SolutionProperties) = preSolution
		HideSolutionNode = FALSE
	EndGlobalSection
	GlobalSection(ExtensibilityGlobals) = postSolution
		SolutionGuid = {F7DCBFC3-E43E-4BE1-9ABF-B277DF935312}
	EndGlobalSection
EndGlobal
