
Microsoft Visual Studio Solution File, Format Version 12.00
# Visual Studio 15
VisualStudioVersion = 15.0.27428.2037
MinimumVisualStudioVersion = 10.0.40219.1
Project("{9A19103F-16F7-4668-BE54-9A1E7A4F7556}") = "singen", "singen.csproj", "{3A6F391A-1BF2-485D-A0B8-9D1962A50F27}"
EndProject
Global
	GlobalSection(SolutionConfigurationPlatforms) = preSolution
		Debug|Any CPU = Debug|Any CPU
		Release|Any CPU = Release|Any CPU
	EndGlobalSection
	GlobalSection(ProjectConfigurationPlatforms) = postSolution
		{3A6F391A-1BF2-485D-A0B8-9D1962A50F27}.Debug|Any CPU.ActiveCfg = Debug|Any CPU
		{3A6F391A-1BF2-485D-A0B8-9D1962A50F27}.Debug|Any CPU.Build.0 = Debug|Any CPU
		{3A6F391A-1BF2-485D-A0B8-9D1962A50F27}.Release|Any CPU.ActiveCfg = Release|Any CPU
		{3A6F391A-1BF2-485D-A0B8-9D1962A50F27}.Release|Any CPU.Build.0 = Release|Any CPU
	EndGlobalSection
	GlobalSection(SolutionProperties) = preSolution
		HideSolutionNode = FALSE
	EndGlobalSection
	GlobalSection(ExtensibilityGlobals) = postSolution
		SolutionGuid = {A0567C6A-24D3-4E0A-96B6-0E2CC2E442B2}
	EndGlobalSection
EndGlobal
