
Microsoft Visual Studio Solution File, Format Version 12.00
# Visual Studio 15
VisualStudioVersion = 15.0.28010.2050
MinimumVisualStudioVersion = 10.0.40219.1
Project("{FAE04EC0-301F-11D3-BF4B-00C04F79EFBC}") = "Akk1Hello", "Akk1Hello\Akk1Hello.csproj", "{83416666-AD40-45AE-85EA-A7E030A94620}"
EndProject
Global
	GlobalSection(SolutionConfigurationPlatforms) = preSolution
		Debug|Any CPU = Debug|Any CPU
		Release|Any CPU = Release|Any CPU
	EndGlobalSection
	GlobalSection(ProjectConfigurationPlatforms) = postSolution
		{83416666-AD40-45AE-85EA-A7E030A94620}.Debug|Any CPU.ActiveCfg = Debug|Any CPU
		{83416666-AD40-45AE-85EA-A7E030A94620}.Debug|Any CPU.Build.0 = Debug|Any CPU
		{83416666-AD40-45AE-85EA-A7E030A94620}.Release|Any CPU.ActiveCfg = Release|Any CPU
		{83416666-AD40-45AE-85EA-A7E030A94620}.Release|Any CPU.Build.0 = Release|Any CPU
	EndGlobalSection
	GlobalSection(SolutionProperties) = preSolution
		HideSolutionNode = FALSE
	EndGlobalSection
	GlobalSection(ExtensibilityGlobals) = postSolution
		SolutionGuid = {7BD135A0-6B7C-4DDB-9388-A3593A838335}
	EndGlobalSection
EndGlobal
